{
  "originHash" : "2cce7c0e69918592f1047b0455135a12ff82301e40dca2b2b48f438f5c46da04",
  "pins" : [
    {
      "identity" : "alamofire",
      "kind" : "remoteSourceControl",
      "location" : "https://github.com/Alamofire/Alamofire.git",
      "state" : {
        "revision" : "7595cbcf59809f9977c5f6378500de2ad73b7ddb",
        "version" : "5.12.0"
      }
    },
    {
      "identity" : "kakao-ios-sdk",
      "kind" : "remoteSourceControl",
      "location" : "https://github.com/kakao/kakao-ios-sdk.git",
      "state" : {
        "revision" : "2a68ca01e2d7900a1559b31d0d59843837f130f2",
        "version" : "2.28.0"
      }
    },
    {
      "identity" : "lottie-spm",
      "kind" : "remoteSourceControl",
      "location" : "https://github.com/airbnb/lottie-spm.git",
      "state" : {
        "revision" : "8c6edf4f0fa84fe9c058600a4295eb0c01661c69",
        "version" : "4.5.1"
      }
    }
  ],
  "version" : 3
}
